Microsoft Visual Studio Solution File, Format Version 12.00
# Visual Studio Version 17
VisualStudioVersion = 17.5.2.0
MinimumVisualStudioVersion = 10.0.40219.1
Project("{FAE04EC0-301F-11D3-BF4B-00C04F79EFBC}") = "JobTrackerAPI", "JobTrackerAPI\JobTrackerAPI.csproj", "{C5DB7EBB-7221-0C11-4A27-A9C4AB5BE51D}"
EndProject
Global
	GlobalSection(SolutionConfigurationPlatforms) = preSolution
		Debug|Any CPU = Debug|Any CPU
		Release|Any CPU = Release|Any CPU
	EndGlobalSection
	GlobalSection(ProjectConfigurationPlatforms) = postSolution
		{C5DB7EBB-7221-0C11-4A27-A9C4AB5BE51D}.Debug|Any CPU.ActiveCfg = Debug|Any CPU
		{C5DB7EBB-7221-0C11-4A27-A9C4AB5BE51D}.Debug|Any CPU.Build.0 = Debug|Any CPU
		{C5DB7EBB-7221-0C11-4A27-A9C4AB5BE51D}.Release|Any CPU.ActiveCfg = Release|Any CPU
		{C5DB7EBB-7221-0C11-4A27-A9C4AB5BE51D}.Release|Any CPU.Build.0 = Release|Any CPU
	EndGlobalSection
	GlobalSection(SolutionProperties) = preSolution
		HideSolutionNode = FALSE
	EndGlobalSection
	GlobalSection(ExtensibilityGlobals) = postSolution
		SolutionGuid = {0BBCBE76-B05B-404D-A122-32CF3F0FA0C1}
	EndGlobalSection
EndGlobal
